
Microsoft Visual Studio Solution File, Format Version 12.00
# Visual Studio Version 16
VisualStudioVersion = 16.0.30611.23
MinimumVisualStudioVersion = 10.0.40219.1
Project("{9A19103F-16F7-4668-BE54-9A1E7A4F7556}") = "UserRegistrationProblem", "UserRegistrationProblem.csproj", "{5D3EBFDE-A461-46BA-8CD9-14827AC90721}"
EndProject
Project("{9A19103F-16F7-4668-BE54-9A1E7A4F7556}") = "UserRegistrationMSTesting", "..\UserRegistrationMSTesting\UserRegistrationMSTesting.csproj", "{BCDB89AE-DEBC-4C1C-9E52-F0A132F3B163}"
EndProject
Global
	GlobalSection(SolutionConfigurationPlatforms) = preSolution
		Debug|Any CPU = Debug|Any CPU
		Release|Any CPU = Release|Any CPU
	EndGlobalSection
	GlobalSection(ProjectConfigurationPlatforms) = postSolution
		{5D3EBFDE-A461-46BA-8CD9-14827AC90721}.Debug|Any CPU.ActiveCfg = Debug|Any CPU
		{5D3EBFDE-A461-46BA-8CD9-14827AC90721}.Debug|Any CPU.Build.0 = Debug|Any CPU
		{5D3EBFDE-A461-46BA-8CD9-14827AC90721}.Release|Any CPU.ActiveCfg = Release|Any CPU
		{5D3EBFDE-A461-46BA-8CD9-14827AC90721}.Release|Any CPU.Build.0 = Release|Any CPU
		{BCDB89AE-DEBC-4C1C-9E52-F0A132F3B163}.Debug|Any CPU.ActiveCfg = Debug|Any CPU
		{BCDB89AE-DEBC-4C1C-9E52-F0A132F3B163}.Debug|Any CPU.Build.0 = Debug|Any CPU
		{BCDB89AE-DEBC-4C1C-9E52-F0A132F3B163}.Release|Any CPU.ActiveCfg = Release|Any CPU
		{BCDB89AE-DEBC-4C1C-9E52-F0A132F3B163}.Release|Any CPU.Build.0 = Release|Any CPU
	EndGlobalSection
	GlobalSection(SolutionProperties) = preSolution
		HideSolutionNode = FALSE
	EndGlobalSection
	GlobalSection(ExtensibilityGlobals) = postSolution
		SolutionGuid = {9CD86C98-2A03-4E07-95E9-827592686A65}
	EndGlobalSection
EndGlobal
